
Microsoft Visual Studio Solution File, Format Version 12.00
# Visual Studio Version 17
VisualStudioVersion = 17.5.33516.290
MinimumVisualStudioVersion = 10.0.40219.1
Project("{8BC9CEB8-8B4A-11D0-8D11-00A0C91BC942}") = "Sandbox", "Sandbox\Sandbox.vcxproj", "{9E4C2483-97A2-45BD-B3C3-6038BDD9177E}"
EndProject
Project("{8BC9CEB8-8B4A-11D0-8D11-00A0C91BC942}") = "Loser", "Loser\Loser.vcxproj", "{96C2B2CE-5EF3-4E92-AC4D-D995B6DEBF12}"
EndProject
Global
	GlobalSection(SolutionConfigurationPlatforms) = preSolution
		Debug|x64 = Debug|x64
		Release|x64 = Release|x64
	EndGlobalSection
	GlobalSection(ProjectConfigurationPlatforms) = postSolution
		{96C2B2CE-5EF3-4E92-AC4D-D995B6DEBF12}.Debug|x64.ActiveCfg = Debug|x64
		{96C2B2CE-5EF3-4E92-AC4D-D995B6DEBF12}.Debug|x64.Build.0 = Debug|x64
		{96C2B2CE-5EF3-4E92-AC4D-D995B6DEBF12}.Release|x64.ActiveCfg = Release|x64
		{96C2B2CE-5EF3-4E92-AC4D-D995B6DEBF12}.Release|x64.Build.0 = Release|x64
		{9E4C2483-97A2-45BD-B3C3-6038BDD9177E}.Debug|x64.ActiveCfg = Debug|x64
		{9E4C2483-97A2-45BD-B3C3-6038BDD9177E}.Debug|x64.Build.0 = Debug|x64
		{9E4C2483-97A2-45BD-B3C3-6038BDD9177E}.Release|x64.ActiveCfg = Release|x64
		{9E4C2483-97A2-45BD-B3C3-6038BDD9177E}.Release|x64.Build.0 = Release|x64
	EndGlobalSection
	GlobalSection(SolutionProperties) = preSolution
		HideSolutionNode = FALSE
	EndGlobalSection
	GlobalSection(ExtensibilityGlobals) = postSolution
		SolutionGuid = {C23C9591-B926-4A43-9C54-46A1DF95B25C}
	EndGlobalSection
EndGlobal
